
Microsoft Visual Studio Solution File, Format Version 12.00
# Visual Studio Version 16
VisualStudioVersion = 16.0.29318.209
MinimumVisualStudioVersion = 10.0.40219.1
Project("{FAE04EC0-301F-11D3-BF4B-00C04F79EFBC}") = "casrpımtabloosu", "okuldadenemebilmemekac\casrpımtabloosu.csproj", "{6B946C16-2441-4CCD-AA7E-FFBF3B1B39DF}"
EndProject
Global
	GlobalSection(SolutionConfigurationPlatforms) = preSolution
		Debug|Any CPU = Debug|Any CPU
		Release|Any CPU = Release|Any CPU
	EndGlobalSection
	GlobalSection(ProjectConfigurationPlatforms) = postSolution
		{6B946C16-2441-4CCD-AA7E-FFBF3B1B39DF}.Debug|Any CPU.ActiveCfg = Debug|Any CPU
		{6B946C16-2441-4CCD-AA7E-FFBF3B1B39DF}.Debug|Any CPU.Build.0 = Debug|Any CPU
		{6B946C16-2441-4CCD-AA7E-FFBF3B1B39DF}.Release|Any CPU.ActiveCfg = Release|Any CPU
		{6B946C16-2441-4CCD-AA7E-FFBF3B1B39DF}.Release|Any CPU.Build.0 = Release|Any CPU
	EndGlobalSection
	GlobalSection(SolutionProperties) = preSolution
		HideSolutionNode = FALSE
	EndGlobalSection
	GlobalSection(ExtensibilityGlobals) = postSolution
		SolutionGuid = {5842D797-E353-49EA-9836-32458A14AD51}
	EndGlobalSection
EndGlobal
